// !$*UTF8*$!
{
	archiveVersion = 1;
	classes = {
	};
	objectVersion = 46;
	objects = {

/* Begin PBXBuildFile section */
		CC83D58419D8534E001294F1 /* Images.xcassets in Resources */ = {isa = PBXBuildFile; fileRef = CC83D58319D8534E001294F1 /* Images.xcassets */; };
		CC83D58719D8534E001294F1 /* MainMenu.xib in Resources */ = {isa = PBXBuildFile; fileRef = CC83D58519D8534E001294F1 /* MainMenu.xib */; };
		CC83D59319D8534E001294F1 /* TriangleTests.m in Sources */ = {isa = PBXBuildFile; fileRef = CC83D59219D8534E001294F1 /* TriangleTests.m */; };
		CC83D59D19D853B9001294F1 /* OpenGL.framework in Frameworks */ = {isa = PBXBuildFile; fileRef = CC83D59C19D853B9001294F1 /* OpenGL.framework */; };
		CC83D59F19D853EB001294F1 /* GLUT.framework in Frameworks */ = {isa = PBXBuildFile; fileRef = CC83D59E19D853EB001294F1 /* GLUT.framework */; };
		CC83D5A119D853FC001294F1 /* libGLTools.a in Frameworks */ = {isa = PBXBuildFile; fileRef = CC83D5A019D853FC001294F1 /* libGLTools.a */; };
		CC83D5A319D85521001294F1 /* Triangle.cpp in Sources */ = {isa = PBXBuildFile; fileRef = CC83D5A219D85521001294F1 /* Triangle.cpp */; };
/* End PBXBuildFile section */

/* Begin PBXContainerItemProxy section */
		CC83D58D19D8534E001294F1 /* PBXContainerItemProxy */ = {
			isa = PBXContainerItemProxy;
			containerPortal = CC83D57119D8534E001294F1 /* Project object */;
			proxyType = 1;
			remoteGlobalIDString = CC83D57819D8534E001294F1;
			remoteInfo = Triangle;
		};
/* End PBXContainerItemProxy section */

/* Begin PBXFileReference section */
		CC83D57919D8534E001294F1 /* Triangle.app */ = {isa = PBXFileReference; explicitFileType = wrapper.application; includeInIndex = 0; path = Triangle.app; sourceTree = BUILT_PRODUCTS_DIR; };
		CC83D57D19D8534E001294F1 /* Info.plist */ = {isa = PBXFileReference; lastKnownFileType = text.plist.xml; path = Info.plist; sourceTree = "<group>"; };
		CC83D58319D8534E001294F1 /* Images.xcassets */ = {isa = PBXFileReference; lastKnownFileType = folder.assetcatalog; path = Images.xcassets; sourceTree = "<group>"; };
		CC83D58619D8534E001294F1 /* Base */ = {isa = PBXFileReference; lastKnownFileType = file.xib; name = Base; path = Base.lproj/MainMenu.xib; sourceTree = "<group>"; };
		CC83D58C19D8534E001294F1 /* TriangleTests.xctest */ = {isa = PBXFileReference; explicitFileType = wrapper.cfbundle; includeInIndex = 0; path = TriangleTests.xctest; sourceTree = BUILT_PRODUCTS_DIR; };
		CC83D59119D8534E001294F1 /* Info.plist */ = {isa = PBXFileReference; lastKnownFileType = text.plist.xml; path = Info.plist; sourceTree = "<group>"; };
		CC83D59219D8534E001294F1 /* TriangleTests.m */ = {isa = PBXFileReference; lastKnownFileType = sourcecode.c.objc; path = TriangleTests.m; sourceTree = "<group>"; };
		CC83D59C19D853B9001294F1 /* OpenGL.framework */ = {isa = PBXFileReference; lastKnownFileType = wrapper.framework; name = OpenGL.framework; path = System/Library/Frameworks/OpenGL.framework; sourceTree = SDKROOT; };
		CC83D59E19D853EB001294F1 /* GLUT.framework */ = {isa = PBXFileReference; lastKnownFileType = wrapper.framework; name = GLUT.framework; path = System/Library/Frameworks/GLUT.framework; sourceTree = SDKROOT; };
		CC83D5A019D853FC001294F1 /* libGLTools.a */ = {isa = PBXFileReference; lastKnownFileType = archive.ar; path = libGLTools.a; sourceTree = "<group>"; };
		CC83D5A219D85521001294F1 /* Triangle.cpp */ = {isa = PBXFileReference; fileEncoding = 4; lastKnownFileType = sourcecode.cpp.cpp; path = Triangle.cpp; sourceTree = "<group>"; };
/* End PBXFileReference section */

/* Begin PBXFrameworksBuildPhase section */
		CC83D57619D8534E001294F1 /* Frameworks */ = {
			isa = PBXFrameworksBuildPhase;
			buildActionMask = 2147483647;
			files = (
				CC83D5A119D853FC001294F1 /* libGLTools.a in Frameworks */,
				CC83D59F19D853EB001294F1 /* GLUT.framework in Frameworks */,
				CC83D59D19D853B9001294F1 /* OpenGL.framework in Frameworks */,
			);
			runOnlyForDeploymentPostprocessing = 0;
		};
		CC83D58919D8534E001294F1 /* Frameworks */ = {
			isa = PBXFrameworksBuildPhase;
			buildActionMask = 2147483647;
			files = (
			);
			runOnlyForDeploymentPostprocessing = 0;
		};
/* End PBXFrameworksBuildPhase section */

/* Begin PBXGroup section */
		CC83D57019D8534E001294F1 = {
			isa = PBXGroup;
			children = (
				CC83D5A019D853FC001294F1 /* libGLTools.a */,
				CC83D59E19D853EB001294F1 /* GLUT.framework */,
				CC83D59C19D853B9001294F1 /* OpenGL.framework */,
				CC83D57B19D8534E001294F1 /* Triangle */,
				CC83D58F19D8534E001294F1 /* TriangleTests */,
				CC83D57A19D8534E001294F1 /* Products */,
			);
			sourceTree = "<group>";
		};
		CC83D57A19D8534E001294F1 /* Products */ = {
			isa = PBXGroup;
			children = (
				CC83D57919D8534E001294F1 /* Triangle.app */,
				CC83D58C19D8534E001294F1 /* TriangleTests.xctest */,
			);
			name = Products;
			sourceTree = "<group>";
		};
		CC83D57B19D8534E001294F1 /* Triangle */ = {
			isa = PBXGroup;
			children = (
				CC83D5A219D85521001294F1 /* Triangle.cpp */,
				CC83D58319D8534E001294F1 /* Images.xcassets */,
				CC83D58519D8534E001294F1 /* MainMenu.xib */,
				CC83D57C19D8534E001294F1 /* Supporting Files */,
			);
			path = Triangle;
			sourceTree = "<group>";
		};
		CC83D57C19D8534E001294F1 /* Supporting Files */ = {
			isa = PBXGroup;
			children = (
				CC83D57D19D8534E001294F1 /* Info.plist */,
			);
			name = "Supporting Files";
			sourceTree = "<group>";
		};
		CC83D58F19D8534E001294F1 /* TriangleTests */ = {
			isa = PBXGroup;
			children = (
				CC83D59219D8534E001294F1 /* TriangleTests.m */,
				CC83D59019D8534E001294F1 /* Supporting Files */,
			);
			path = TriangleTests;
			sourceTree = "<group>";
		};
		CC83D59019D8534E001294F1 /* Supporting Files */ = {
			isa = PBXGroup;
			children = (
				CC83D59119D8534E001294F1 /* Info.plist */,
			);
			name = "Supporting Files";
			sourceTree = "<group>";
		};
/* End PBXGroup section */

/* Begin PBXNativeTarget section */
		CC83D57819D8534E001294F1 /* Triangle */ = {
			isa = PBXNativeTarget;
			buildConfigurationList = CC83D59619D8534E001294F1 /* Build configuration list for PBXNativeTarget "Triangle" */;
			buildPhases = (
				CC83D57519D8534E001294F1 /* Sources */,
				CC83D57619D8534E001294F1 /* Frameworks */,
				CC83D57719D8534E001294F1 /* Resources */,
			);
			buildRules = (
			);
			dependencies = (
			);
			name = Triangle;
			productName = Triangle;
			productReference = CC83D57919D8534E001294F1 /* Triangle.app */;
			productType = "com.apple.product-type.application";
		};
		CC83D58B19D8534E001294F1 /* TriangleTests */ = {
			isa = PBXNativeTarget;
			buildConfigurationList = CC83D59919D8534E001294F1 /* Build configuration list for PBXNativeTarget "TriangleTests" */;
			buildPhases = (
				CC83D58819D8534E001294F1 /* Sources */,
				CC83D58919D8534E001294F1 /* Frameworks */,
				CC83D58A19D8534E001294F1 /* Resources */,
			);
			buildRules = (
			);
			dependencies = (
				CC83D58E19D8534E001294F1 /* PBXTargetDependency */,
			);
			name = TriangleTests;
			productName = TriangleTests;
			productReference = CC83D58C19D8534E001294F1 /* TriangleTests.xctest */;
			productType = "com.apple.product-type.bundle.unit-test";
		};
/* End PBXNativeTarget section */

/* Begin PBXProject section */
		CC83D57119D8534E001294F1 /* Project object */ = {
			isa = PBXProject;
			attributes = {
				LastUpgradeCheck = 0600;
				ORGANIZATIONNAME = shenqi329;
				TargetAttributes = {
					CC83D57819D8534E001294F1 = {
						CreatedOnToolsVersion = 6.0;
					};
					CC83D58B19D8534E001294F1 = {
						CreatedOnToolsVersion = 6.0;
						TestTargetID = CC83D57819D8534E001294F1;
					};
				};
			};
			buildConfigurationList = CC83D57419D8534E001294F1 /* Build configuration list for PBXProject "Triangle" */;
			compatibilityVersion = "Xcode 3.2";
			developmentRegion = English;
			hasScannedForEncodings = 0;
			knownRegions = (
				en,
				Base,
			);
			mainGroup = CC83D57019D8534E001294F1;
			productRefGroup = CC83D57A19D8534E001294F1 /* Products */;
			projectDirPath = "";
			projectRoot = "";
			targets = (
				CC83D57819D8534E001294F1 /* Triangle */,
				CC83D58B19D8534E001294F1 /* TriangleTests */,
			);
		};
/* End PBXProject section */

/* Begin PBXResourcesBuildPhase section */
		CC83D57719D8534E001294F1 /* Resources */ = {
			isa = PBXResourcesBuildPhase;
			buildActionMask = 2147483647;
			files = (
				CC83D58419D8534E001294F1 /* Images.xcassets in Resources */,
				CC83D58719D8534E001294F1 /* MainMenu.xib in Resources */,
			);
			runOnlyForDeploymentPostprocessing = 0;
		};
		CC83D58A19D8534E001294F1 /* Resources */ = {
			isa = PBXResourcesBuildPhase;
			buildActionMask = 2147483647;
			files = (
			);
			runOnlyForDeploymentPostprocessing = 0;
		};
/* End PBXResourcesBuildPhase section */

/* Begin PBXSourcesBuildPhase section */
		CC83D57519D8534E001294F1 /* Sources */ = {
			isa = PBXSourcesBuildPhase;
			buildActionMask = 2147483647;
			files = (
				CC83D5A319D85521001294F1 /* Triangle.cpp in Sources */,
			);
			runOnlyForDeploymentPostprocessing = 0;
		};
		CC83D58819D8534E001294F1 /* Sources */ = {
			isa = PBXSourcesBuildPhase;
			buildActionMask = 2147483647;
			files = (
				CC83D59319D8534E001294F1 /* TriangleTests.m in Sources */,
			);
			runOnlyForDeploymentPostprocessing = 0;
		};
/* End PBXSourcesBuildPhase section */

/* Begin PBXTargetDependency section */
		CC83D58E19D8534E001294F1 /* PBXTargetDependency */ = {
			isa = PBXTargetDependency;
			target = CC83D57819D8534E001294F1 /* Triangle */;
			targetProxy = CC83D58D19D8534E001294F1 /* PBXContainerItemProxy */;
		};
/* End PBXTargetDependency section */

/* Begin PBXVariantGroup section */
		CC83D58519D8534E001294F1 /* MainMenu.xib */ = {
			isa = PBXVariantGroup;
			children = (
				CC83D58619D8534E001294F1 /* Base */,
			);
			name = MainMenu.xib;
			sourceTree = "<group>";
		};
/* End PBXVariantGroup section */

/* Begin XCBuildConfiguration section */
		CC83D59419D8534E001294F1 /* Debug */ = {
			isa = XCBuildConfiguration;
			buildSettings = {
				ALWAYS_SEARCH_USER_PATHS = NO;
				CLANG_CXX_LANGUAGE_STANDARD = "gnu++0x";
				CLANG_CXX_LIBRARY = "libc++";
				CLANG_ENABLE_MODULES = YES;
				CLANG_ENABLE_OBJC_ARC = YES;
				CLANG_WARN_BOOL_CONVERSION = YES;
				CLANG_WARN_CONSTANT_CONVERSION = YES;
				CLANG_WARN_DIRECT_OBJC_ISA_USAGE = YES_ERROR;
				CLANG_WARN_EMPTY_BODY = YES;
				CLANG_WARN_ENUM_CONVERSION = YES;
				CLANG_WARN_INT_CONVERSION = YES;
				CLANG_WARN_OBJC_ROOT_CLASS = YES_ERROR;
				CLANG_WARN_UNREACHABLE_CODE = YES;
				CLANG_WARN__DUPLICATE_METHOD_MATCH = YES;
				CODE_SIGN_IDENTITY = "-";
				COPY_PHASE_STRIP = NO;
				ENABLE_STRICT_OBJC_MSGSEND = YES;
				GCC_C_LANGUAGE_STANDARD = gnu99;
				GCC_DYNAMIC_NO_PIC = NO;
				GCC_OPTIMIZATION_LEVEL = 0;
				GCC_PREPROCESSOR_DEFINITIONS = (
					"DEBUG=1",
					"$(inherited)",
				);
				GCC_SYMBOLS_PRIVATE_EXTERN = NO;
				GCC_WARN_64_TO_32_BIT_CONVERSION = YES;
				GCC_WARN_ABOUT_RETURN_TYPE = YES_ERROR;
				GCC_WARN_UNDECLARED_SELECTOR = YES;
				GCC_WARN_UNINITIALIZED_AUTOS = YES_AGGRESSIVE;
				GCC_WARN_UNUSED_FUNCTION = YES;
				GCC_WARN_UNUSED_VARIABLE = YES;
				MACOSX_DEPLOYMENT_TARGET = 10.9;
				MTL_ENABLE_DEBUG_INFO = YES;
				ONLY_ACTIVE_ARCH = YES;
				SDKROOT = macosx;
			};
			name = Debug;
		};
		CC83D59519D8534E001294F1 /* Release */ = {
			isa = XCBuildConfiguration;
			buildSettings = {
				ALWAYS_SEARCH_USER_PATHS = NO;
				CLANG_CXX_LANGUAGE_STANDARD = "gnu++0x";
				CLANG_CXX_LIBRARY = "libc++";
				CLANG_ENABLE_MODULES = YES;
				CLANG_ENABLE_OBJC_ARC = YES;
				CLANG_WARN_BOOL_CONVERSION = YES;
				CLANG_WARN_CONSTANT_CONVERSION = YES;
				CLANG_WARN_DIRECT_OBJC_ISA_USAGE = YES_ERROR;
				CLANG_WARN_EMPTY_BODY = YES;
				CLANG_WARN_ENUM_CONVERSION = YES;
				CLANG_WARN_INT_CONVERSION = YES;
				CLANG_WARN_OBJC_ROOT_CLASS = YES_ERROR;
				CLANG_WARN_UNREACHABLE_CODE = YES;
				CLANG_WARN__DUPLICATE_METHOD_MATCH = YES;
				CODE_SIGN_IDENTITY = "-";
				COPY_PHASE_STRIP = YES;
				DEBUG_INFORMATION_FORMAT = "dwarf-with-dsym";
				ENABLE_NS_ASSERTIONS = NO;
				ENABLE_STRICT_OBJC_MSGSEND = YES;
				GCC_C_LANGUAGE_STANDARD = gnu99;
				GCC_WARN_64_TO_32_BIT_CONVERSION = YES;
				GCC_WARN_ABOUT_RETURN_TYPE = YES_ERROR;
				GCC_WARN_UNDECLARED_SELECTOR = YES;
				GCC_WARN_UNINITIALIZED_AUTOS = YES_AGGRESSIVE;
				GCC_WARN_UNUSED_FUNCTION = YES;
				GCC_WARN_UNUSED_VARIABLE = YES;
				MACOSX_DEPLOYMENT_TARGET = 10.9;
				MTL_ENABLE_DEBUG_INFO = NO;
				SDKROOT = macosx;
			};
			name = Release;
		};
		CC83D59719D8534E001294F1 /* Debug */ = {
			isa = XCBuildConfiguration;
			buildSettings = {
				ASSETCATALOG_COMPILER_APPICON_NAME = AppIcon;
				COMBINE_HIDPI_IMAGES = YES;
				HEADER_SEARCH_PATHS = (
					"$(inherited)",
					"/Applications/Xcode6-Beta6.app/Contents/Developer/Toolchains/XcodeDefault.xctoolchain/usr/include",
					./SB5/Src/GLTools/include,
				);
				INFOPLIST_FILE = Triangle/Info.plist;
				LD_RUNPATH_SEARCH_PATHS = "$(inherited) @executable_path/../Frameworks";
				LIBRARY_SEARCH_PATHS = (
					"$(inherited)",
					"$(PROJECT_DIR)",
				);
				PRODUCT_NAME = "$(TARGET_NAME)";
			};
			name = Debug;
		};
		CC83D59819D8534E001294F1 /* Release */ = {
			isa = XCBuildConfiguration;
			buildSettings = {
				ASSETCATALOG_COMPILER_APPICON_NAME = AppIcon;
				COMBINE_HIDPI_IMAGES = YES;
				HEADER_SEARCH_PATHS = (
					"$(inherited)",
					"/Applications/Xcode6-Beta6.app/Contents/Developer/Toolchains/XcodeDefault.xctoolchain/usr/include",
					./SB5/Src/GLTools/include,
				);
				INFOPLIST_FILE = Triangle/Info.plist;
				LD_RUNPATH_SEARCH_PATHS = "$(inherited) @executable_path/../Frameworks";
				LIBRARY_SEARCH_PATHS = (
					"$(inherited)",
					"$(PROJECT_DIR)",
				);
				PRODUCT_NAME = "$(TARGET_NAME)";
			};
			name = Release;
		};
		CC83D59A19D8534E001294F1 /* Debug */ = {
			isa = XCBuildConfiguration;
			buildSettings = {
				BUNDLE_LOADER = "$(TEST_HOST)";
				COMBINE_HIDPI_IMAGES = YES;
				FRAMEWORK_SEARCH_PATHS = (
					"$(DEVELOPER_FRAMEWORKS_DIR)",
					"$(inherited)",
				);
				GCC_PREPROCESSOR_DEFINITIONS = (
					"DEBUG=1",
					"$(inherited)",
				);
				INFOPLIST_FILE = TriangleTests/Info.plist;
				LD_RUNPATH_SEARCH_PATHS = "$(inherited) @executable_path/../Frameworks @loader_path/../Frameworks";
				PRODUCT_NAME = "$(TARGET_NAME)";
				TEST_HOST = "$(BUILT_PRODUCTS_DIR)/Triangle.app/Contents/MacOS/Triangle";
			};
			name = Debug;
		};
		CC83D59B19D8534E001294F1 /* Release */ = {
			isa = XCBuildConfiguration;
			buildSettings = {
				BUNDLE_LOADER = "$(TEST_HOST)";
				COMBINE_HIDPI_IMAGES = YES;
				FRAMEWORK_SEARCH_PATHS = (
					"$(DEVELOPER_FRAMEWORKS_DIR)",
					"$(inherited)",
				);
				INFOPLIST_FILE = TriangleTests/Info.plist;
				LD_RUNPATH_SEARCH_PATHS = "$(inherited) @executable_path/../Frameworks @loader_path/../Frameworks";
				PRODUCT_NAME = "$(TARGET_NAME)";
				TEST_HOST = "$(BUILT_PRODUCTS_DIR)/Triangle.app/Contents/MacOS/Triangle";
			};
			name = Release;
		};
/* End XCBuildConfiguration section */

/* Begin XCConfigurationList section */
		CC83D57419D8534E001294F1 /* Build configuration list for PBXProject "Triangle" */ = {
			isa = XCConfigurationList;
			buildConfigurations = (
				CC83D59419D8534E001294F1 /* Debug */,
				CC83D59519D8534E001294F1 /* Release */,
			);
			defaultConfigurationIsVisible = 0;
			defaultConfigurationName = Release;
		};
		CC83D59619D8534E001294F1 /* Build configuration list for PBXNativeTarget "Triangle" */ = {
			isa = XCConfigurationList;
			buildConfigurations = (
				CC83D59719D8534E001294F1 /* Debug */,
				CC83D59819D8534E001294F1 /* Release */,
			);
			defaultConfigurationIsVisible = 0;
		};
		CC83D59919D8534E001294F1 /* Build configuration list for PBXNativeTarget "TriangleTests" */ = {
			isa = XCConfigurationList;
			buildConfigurations = (
				CC83D59A19D8534E001294F1 /* Debug */,
				CC83D59B19D8534E001294F1 /* Release */,
			);
			defaultConfigurationIsVisible = 0;
		};
/* End XCConfigurationList section */
	};
	rootObject = CC83D57119D8534E001294F1 /* Project object */;
}
